# THIS IS AN AUTOGENERATED FILE. DO NOT EDIT THIS FILE DIRECTLY.
# yarn lockfile v1


qz-tray@2.2.6:
  version "2.2.6"
  resolved "https://registry.yarnpkg.com/qz-tray/-/qz-tray-2.2.6.tgz#379a77689a84ada71d28d21f03054752606acb4a"
  integrity sha512-b9w0vcjHSdKiOq1jL/KXfb3IvgaIc/BeQv9JuJ3nTEoqSUZfIGKLAyKTS+akHSXrR64R0UwEDmw20GvD2di/Pg==
